uuid: 59a15467-938a-4d6d-8d49-59001b2e12d4
langcode: en
status: true
dependencies:
  module:
    - block_class
    - downtimes
    - system
  theme:
    - hzd
third_party_settings:
  block_class:
    classes: ''
id: incidentblock
theme: hzd
region: sidebar_second
weight: -22
provider: null
plugin: incidents_block
settings:
  id: incidents_block
  label: 'Incident Block'
  provider: downtimes
  label_display: visible
  number_of_posts: ''
visibility:
  request_path:
    id: request_path
    pages: '<front>'
    negate: false
    context_mapping: {  }
