uuid: 935b888e-e784-4c8d-b6d0-a10abbfc1759
langcode: en
status: true
dependencies:
  config:
    - block_visibility_groups.block_visibility_group.group_menu
  module:
    - block_class
    - block_visibility_groups
    - cust_group
    - system
    - user
  theme:
    - hzd
third_party_settings:
  block_class:
    classes: 'blue incident-menu'
id: customgroupmenublock
theme: hzd
region: sidebar_first
weight: -28
provider: null
plugin: cust_group_menu_block
settings:
  id: cust_group_menu_block
  label: 'Custom Group Menu block'
  label_display: visible
  provider: cust_group
visibility:
  request_path:
    id: request_path
    negate: true
    context_mapping: {  }
    pages: "*/problems/*\r\n*/problems\r\n*/releases\r\n*/releases/*\r\n*/nodes\r\n*/eingesetzte-releases\r\n*/eingesetzte-releases/archiv\r\n*/stoerung\r\n*/stoerung/archive\r\n*/downtimes\r\n*/downtimes/archive\r\n*/hilfe\r\n*group/*/risiken\r\n*group/*/risiken/archiv\r\n*group/*/massnahmen\r\n*group/*/massnahmen/archiv\r\n*group/*/risikocluster\r\n*ablage-attachments\r\n*arbeitsanleitungen-bs2000/al-edv-online\r\n*/zoe-rem\r\n*/betriebsportal-konsens/anleitung-zum-zertifikatscheck"
  user_role:
    id: user_role
    negate: false
    context_mapping:
      user: '@user.current_user_context:current_user'
    roles:
      authenticated: authenticated
      administrator: administrator
      site_administrator: site_administrator
  condition_group:
    id: condition_group
    negate: false
    context_mapping: {  }
    block_visibility_group: group_menu
