uuid: 176cafe1-5ebb-42ca-a35c-6e2b54f19154
langcode: de
status: true
dependencies:
  module:
    - block_class
    - block_visibility_groups
    - cust_group
    - system
  theme:
    - hzd
id: imattachmentsuploadblock
theme: hzd
region: content
weight: -22
provider: null
plugin: im_attachments_upload_block
settings:
  id: im_attachments_upload_block
  label: 'Im attachments upload block'
  provider: cust_group
  label_display: '0'
visibility:
  condition_group:
    id: condition_group
    negate: false
    block_visibility_group: ''
    context_mapping: {  }
  request_path:
    id: request_path
    pages: "/node/826\r\n/incident-management/ablage-attachments"
    negate: false
    context_mapping: {  }
