uuid: 935b888e-e784-4c8d-b6d0-a10abbfc1759
langcode: en
status: true
dependencies:
  module:
    - block_class
    - cust_group
    - system
  theme:
    - hzd
third_party_settings:
  block_class:
    classes: 'blue incident-menu'
id: customgroupmenublock
theme: hzd
region: sidebar_first
weight: -24
provider: null
plugin: cust_group_menu_block
settings:
  id: cust_group_menu_block
  label: 'Custom Group Menu block'
  provider: cust_group
  label_display: visible
visibility:
  request_path:
    id: request_path
    pages: "*/problems\r\n*/problems/*\r\n*/*releases\r\n*/releases/*\r\n*/nodes"
    negate: true
    context_mapping: {  }
