uuid: 55f27119-6c5f-4d26-a9b4-3892f9bcd4bb
langcode: en
status: true
dependencies:
  content:
    - 'block_content:basic:63a8cb39-fe2c-4f1c-a82c-083abacb08d7'
  module:
    - block_content
    - system
id: block
theme: null
region: sidebar_first
weight: 2
provider: null
plugin: 'block_content:63a8cb39-fe2c-4f1c-a82c-083abacb08d7'
settings:
  id: 'block_content:63a8cb39-fe2c-4f1c-a82c-083abacb08d7'
  label: Verfahren
  provider: block_content
  label_display: visible
  status: true
  info: ''
  view_mode: full
visibility:
  request_path:
    id: request_path
    negate: true
    pages: "/*Management*\n/*management*\n/*Betriebsportal*\n/*betriebsportal*"
