uuid: 564a754c-dc63-4fb3-9344-975aaaf9cef6
langcode: de
status: true
dependencies:
  content:
    - 'block_content:basic:b91d245a-5be5-4c4a-a0f0-3d502205afd2'
  module:
    - block_class
    - block_content
    - block_visibility_groups
    - system
    - user
  theme:
    - hzd
third_party_settings:
  block_class:
    classes: block-incidents-block
id: coronainfoblock
theme: hzd
region: sidebar_second
weight: -30
provider: null
plugin: 'block_content:b91d245a-5be5-4c4a-a0f0-3d502205afd2'
settings:
  id: 'block_content:b91d245a-5be5-4c4a-a0f0-3d502205afd2'
  label: 'SARS-CoV-2: Aktuelle Informationen'
  label_display: visible
  provider: block_content
  status: true
  info: ''
  view_mode: full
visibility:
  condition_group:
    id: condition_group
    negate: false
    context_mapping: {  }
    block_visibility_group: ''
  request_path:
    id: request_path
    negate: false
    context_mapping: {  }
    pages: '<front>'
  user_role:
    id: user_role
    negate: false
    context_mapping:
      user: '@user.current_user_context:current_user'
    roles:
      authenticated: authenticated
