uuid: 2a9e5086-6daa-4e37-a5b3-a0797676daca
langcode: en
status: false
dependencies:
  module:
    - block_class
    - cust_group
    - system
    - user
  theme:
    - hzd
third_party_settings:
  block_class:
    classes: blue
id: itsmprozessemenublock
theme: hzd
region: navigation
weight: -17
provider: null
plugin: itsmprozesse_menu_block
settings:
  id: itsmprozesse_menu_block
  label: ITSM-Prozesse
  label_display: visible
  provider: cust_group
visibility:
  request_path:
    id: request_path
    negate: true
    context_mapping: {  }
    pages: '<front>'
  user_role:
    id: user_role
    negate: false
    context_mapping:
      user: '@user.current_user_context:current_user'
    roles:
      authenticated: authenticated
