uuid: 3c74d833-6e0f-4f98-abb9-684742f17722
langcode: en
status: false
dependencies:
  module:
    - block_class
    - system
  theme:
    - hzd
id: views_block__group_faqs_group_faq_block
theme: hzd
region: navigation
weight: -14
provider: null
plugin: 'views_block:group_faqs-group_faq_block'
settings:
  id: 'views_block:group_faqs-group_faq_block'
  label: ''
  label_display: visible
  provider: views
  views_label: ''
  items_per_page: none
visibility:
  request_path:
    id: request_path
    negate: false
    context_mapping: {  }
    pages: '/group/*/faqs/*'
